
Microsoft Visual Studio Solution File, Format Version 12.00
# Visual Studio Version 17
VisualStudioVersion = 17.0.31903.59
MinimumVisualStudioVersion = 10.0.40219.1
Project("{2150E333-8FDC-42A3-9474-1A3956D46DE8}") = "Solution Items", "Solution Items", "{2E225C2B-3060-48D5-9555-3C6ADC481107}"
	ProjectSection(SolutionItems) = preProject
		.gitignore = .gitignore
		README.md = README.md
		.runsettings = .runsettings
		.editorconfig = .editorconfig
	EndProjectSection
EndProject
Project("{2150E333-8FDC-42A3-9474-1A3956D46DE8}") = "src", "src", "{24F665EB-15E0-4AF2-818D-BECE1BF0C281}"
EndProject
Project("{2150E333-8FDC-42A3-9474-1A3956D46DE8}") = "test", "test", "{380D94B8-7BB8-4109-8DF2-07606C6BCB0A}"
EndProject
Project("{E53339B2-1760-4266-BCC7-CA923CBCF16C}") = "docker-compose", "docker-compose.dcproj", "{5FF67CF3-03A3-4A18-9948-F7F1896A617B}"
EndProject
Project("{FAE04EC0-301F-11D3-BF4B-00C04F79EFBC}") = "ExpenseSplitter.Api.Application", "src\ExpenseSplitter.Api.Application\ExpenseSplitter.Api.Application.csproj", "{229AC857-16F9-4EE7-89AB-47EFED6983F9}"
EndProject
Project("{FAE04EC0-301F-11D3-BF4B-00C04F79EFBC}") = "ExpenseSplitter.Api.Domain", "src\ExpenseSplitter.Api.Domain\ExpenseSplitter.Api.Domain.csproj", "{A9662C4E-2B87-4EE6-B4E0-6DD64F46EBBF}"
EndProject
Project("{FAE04EC0-301F-11D3-BF4B-00C04F79EFBC}") = "ExpenseSplitter.Api.Presentation", "src\ExpenseSplitter.Api.Presentation\ExpenseSplitter.Api.Presentation.csproj", "{649C893C-BD08-410C-956E-E27A46D6B3A4}"
EndProject
Project("{FAE04EC0-301F-11D3-BF4B-00C04F79EFBC}") = "ExpenseSplitter.Api.Application.UnitTests", "test\ExpenseSplitter.Api.Application.UnitTests\ExpenseSplitter.Api.Application.UnitTests.csproj", "{F6C14119-D508-49AE-95A2-47144756A8F2}"
EndProject
Project("{FAE04EC0-301F-11D3-BF4B-00C04F79EFBC}") = "ExpenseSplitter.Api.ArchitectureTests", "test\ExpenseSplitter.Api.ArchitectureTests\ExpenseSplitter.Api.ArchitectureTests.csproj", "{C030953E-C944-4BA3-9DA2-F8E654AA66B7}"
EndProject
Project("{FAE04EC0-301F-11D3-BF4B-00C04F79EFBC}") = "ExpenseSplitter.Api.Domain.UnitTests", "test\ExpenseSplitter.Api.Domain.UnitTests\ExpenseSplitter.Api.Domain.UnitTests.csproj", "{37A14232-624C-4636-B672-ECE6953D2A4F}"
EndProject
Project("{FAE04EC0-301F-11D3-BF4B-00C04F79EFBC}") = "ExpenseSplitter.Api.Presentation.UnitTests", "test\ExpenseSplitter.Api.Presentation.UnitTests\ExpenseSplitter.Api.Presentation.UnitTests.csproj", "{4ADBA8C5-3ECB-4B0B-B25F-000D5D8FAF54}"
EndProject
Project("{FAE04EC0-301F-11D3-BF4B-00C04F79EFBC}") = "ExpenseSplitter.Api.Infrastructure", "src\ExpenseSplitter.Api.Infrastructure\ExpenseSplitter.Api.Infrastructure.csproj", "{625A1E1E-9A96-41C5-A54B-02DAD4C092E7}"
EndProject
Project("{FAE04EC0-301F-11D3-BF4B-00C04F79EFBC}") = "ExpenseSplitter.Api.Infrastructure.UnitTests", "test\ExpenseSplitter.Api.Infrastructure.UnitTests\ExpenseSplitter.Api.Infrastructure.UnitTests.csproj", "{2F4C147D-698F-4BE5-94D5-385605F821FD}"
EndProject
Project("{FAE04EC0-301F-11D3-BF4B-00C04F79EFBC}") = "ExpenseSplitter.Api.IntegrationTests", "test\ExpenseSplitter.Api.IntegrationTests\ExpenseSplitter.Api.IntegrationTests.csproj", "{33104D66-DA5D-46CD-B194-72C74B29912B}"
EndProject
Project("{2150E333-8FDC-42A3-9474-1A3956D46DE8}") = "requests", "requests", "{CED26A5C-1C51-43AB-98B6-B06D2F8C534C}"
	ProjectSection(SolutionItems) = preProject
		requests\Expense.http = requests\Expense.http
		requests\Settlement.http = requests\Settlement.http
		requests\User.http = requests\User.http
	EndProjectSection
EndProject
Project("{2150E333-8FDC-42A3-9474-1A3956D46DE8}") = "workflows", "workflows", "{9EC18294-5012-4F9D-BEB0-3BDE097EFE11}"
	ProjectSection(SolutionItems) = preProject
		.github\workflows\continuous-integration.yml = .github\workflows\continuous-integration.yml
		.github\workflows\workflow-docker-build-scan-push.yml = .github\workflows\workflow-docker-build-scan-push.yml
		.github\workflows\workflow-scan.yml = .github\workflows\workflow-scan.yml
		.github\workflows\workflow-test.yml = .github\workflows\workflow-test.yml
		.github\workflows\workflow-version.yml = .github\workflows\workflow-version.yml
	EndProjectSection
EndProject
Project("{2150E333-8FDC-42A3-9474-1A3956D46DE8}") = ".github", ".github", "{72B16E02-AE9B-470D-B841-BC3459B0D3D3}"
EndProject
Global
	GlobalSection(SolutionConfigurationPlatforms) = preSolution
		Debug|Any CPU = Debug|Any CPU
		Release|Any CPU = Release|Any CPU
	EndGlobalSection
	GlobalSection(ProjectConfigurationPlatforms) = postSolution
		{5FF67CF3-03A3-4A18-9948-F7F1896A617B}.Debug|Any CPU.ActiveCfg = Debug|Any CPU
		{5FF67CF3-03A3-4A18-9948-F7F1896A617B}.Debug|Any CPU.Build.0 = Debug|Any CPU
		{5FF67CF3-03A3-4A18-9948-F7F1896A617B}.Release|Any CPU.ActiveCfg = Release|Any CPU
		{5FF67CF3-03A3-4A18-9948-F7F1896A617B}.Release|Any CPU.Build.0 = Release|Any CPU
		{229AC857-16F9-4EE7-89AB-47EFED6983F9}.Debug|Any CPU.ActiveCfg = Debug|Any CPU
		{229AC857-16F9-4EE7-89AB-47EFED6983F9}.Debug|Any CPU.Build.0 = Debug|Any CPU
		{229AC857-16F9-4EE7-89AB-47EFED6983F9}.Release|Any CPU.ActiveCfg = Release|Any CPU
		{229AC857-16F9-4EE7-89AB-47EFED6983F9}.Release|Any CPU.Build.0 = Release|Any CPU
		{A9662C4E-2B87-4EE6-B4E0-6DD64F46EBBF}.Debug|Any CPU.ActiveCfg = Debug|Any CPU
		{A9662C4E-2B87-4EE6-B4E0-6DD64F46EBBF}.Debug|Any CPU.Build.0 = Debug|Any CPU
		{A9662C4E-2B87-4EE6-B4E0-6DD64F46EBBF}.Release|Any CPU.ActiveCfg = Release|Any CPU
		{A9662C4E-2B87-4EE6-B4E0-6DD64F46EBBF}.Release|Any CPU.Build.0 = Release|Any CPU
		{649C893C-BD08-410C-956E-E27A46D6B3A4}.Debug|Any CPU.ActiveCfg = Debug|Any CPU
		{649C893C-BD08-410C-956E-E27A46D6B3A4}.Debug|Any CPU.Build.0 = Debug|Any CPU
		{649C893C-BD08-410C-956E-E27A46D6B3A4}.Release|Any CPU.ActiveCfg = Release|Any CPU
		{649C893C-BD08-410C-956E-E27A46D6B3A4}.Release|Any CPU.Build.0 = Release|Any CPU
		{F6C14119-D508-49AE-95A2-47144756A8F2}.Debug|Any CPU.ActiveCfg = Debug|Any CPU
		{F6C14119-D508-49AE-95A2-47144756A8F2}.Debug|Any CPU.Build.0 = Debug|Any CPU
		{F6C14119-D508-49AE-95A2-47144756A8F2}.Release|Any CPU.ActiveCfg = Release|Any CPU
		{F6C14119-D508-49AE-95A2-47144756A8F2}.Release|Any CPU.Build.0 = Release|Any CPU
		{C030953E-C944-4BA3-9DA2-F8E654AA66B7}.Debug|Any CPU.ActiveCfg = Debug|Any CPU
		{C030953E-C944-4BA3-9DA2-F8E654AA66B7}.Debug|Any CPU.Build.0 = Debug|Any CPU
		{C030953E-C944-4BA3-9DA2-F8E654AA66B7}.Release|Any CPU.ActiveCfg = Release|Any CPU
		{C030953E-C944-4BA3-9DA2-F8E654AA66B7}.Release|Any CPU.Build.0 = Release|Any CPU
		{37A14232-624C-4636-B672-ECE6953D2A4F}.Debug|Any CPU.ActiveCfg = Debug|Any CPU
		{37A14232-624C-4636-B672-ECE6953D2A4F}.Debug|Any CPU.Build.0 = Debug|Any CPU
		{37A14232-624C-4636-B672-ECE6953D2A4F}.Release|Any CPU.ActiveCfg = Release|Any CPU
		{37A14232-624C-4636-B672-ECE6953D2A4F}.Release|Any CPU.Build.0 = Release|Any CPU
		{4ADBA8C5-3ECB-4B0B-B25F-000D5D8FAF54}.Debug|Any CPU.ActiveCfg = Debug|Any CPU
		{4ADBA8C5-3ECB-4B0B-B25F-000D5D8FAF54}.Debug|Any CPU.Build.0 = Debug|Any CPU
		{4ADBA8C5-3ECB-4B0B-B25F-000D5D8FAF54}.Release|Any CPU.ActiveCfg = Release|Any CPU
		{4ADBA8C5-3ECB-4B0B-B25F-000D5D8FAF54}.Release|Any CPU.Build.0 = Release|Any CPU
		{625A1E1E-9A96-41C5-A54B-02DAD4C092E7}.Debug|Any CPU.ActiveCfg = Debug|Any CPU
		{625A1E1E-9A96-41C5-A54B-02DAD4C092E7}.Debug|Any CPU.Build.0 = Debug|Any CPU
		{625A1E1E-9A96-41C5-A54B-02DAD4C092E7}.Release|Any CPU.ActiveCfg = Release|Any CPU
		{625A1E1E-9A96-41C5-A54B-02DAD4C092E7}.Release|Any CPU.Build.0 = Release|Any CPU
		{2F4C147D-698F-4BE5-94D5-385605F821FD}.Debug|Any CPU.ActiveCfg = Debug|Any CPU
		{2F4C147D-698F-4BE5-94D5-385605F821FD}.Debug|Any CPU.Build.0 = Debug|Any CPU
		{2F4C147D-698F-4BE5-94D5-385605F821FD}.Release|Any CPU.ActiveCfg = Release|Any CPU
		{2F4C147D-698F-4BE5-94D5-385605F821FD}.Release|Any CPU.Build.0 = Release|Any CPU
		{33104D66-DA5D-46CD-B194-72C74B29912B}.Debug|Any CPU.ActiveCfg = Debug|Any CPU
		{33104D66-DA5D-46CD-B194-72C74B29912B}.Debug|Any CPU.Build.0 = Debug|Any CPU
		{33104D66-DA5D-46CD-B194-72C74B29912B}.Release|Any CPU.ActiveCfg = Release|Any CPU
		{33104D66-DA5D-46CD-B194-72C74B29912B}.Release|Any CPU.Build.0 = Release|Any CPU
	EndGlobalSection
	GlobalSection(SolutionProperties) = preSolution
		HideSolutionNode = FALSE
	EndGlobalSection
	GlobalSection(NestedProjects) = preSolution
		{229AC857-16F9-4EE7-89AB-47EFED6983F9} = {24F665EB-15E0-4AF2-818D-BECE1BF0C281}
		{A9662C4E-2B87-4EE6-B4E0-6DD64F46EBBF} = {24F665EB-15E0-4AF2-818D-BECE1BF0C281}
		{649C893C-BD08-410C-956E-E27A46D6B3A4} = {24F665EB-15E0-4AF2-818D-BECE1BF0C281}
		{F6C14119-D508-49AE-95A2-47144756A8F2} = {380D94B8-7BB8-4109-8DF2-07606C6BCB0A}
		{C030953E-C944-4BA3-9DA2-F8E654AA66B7} = {380D94B8-7BB8-4109-8DF2-07606C6BCB0A}
		{37A14232-624C-4636-B672-ECE6953D2A4F} = {380D94B8-7BB8-4109-8DF2-07606C6BCB0A}
		{4ADBA8C5-3ECB-4B0B-B25F-000D5D8FAF54} = {380D94B8-7BB8-4109-8DF2-07606C6BCB0A}
		{625A1E1E-9A96-41C5-A54B-02DAD4C092E7} = {24F665EB-15E0-4AF2-818D-BECE1BF0C281}
		{2F4C147D-698F-4BE5-94D5-385605F821FD} = {380D94B8-7BB8-4109-8DF2-07606C6BCB0A}
		{33104D66-DA5D-46CD-B194-72C74B29912B} = {380D94B8-7BB8-4109-8DF2-07606C6BCB0A}
		{CED26A5C-1C51-43AB-98B6-B06D2F8C534C} = {2E225C2B-3060-48D5-9555-3C6ADC481107}
		{72B16E02-AE9B-470D-B841-BC3459B0D3D3} = {2E225C2B-3060-48D5-9555-3C6ADC481107}
		{9EC18294-5012-4F9D-BEB0-3BDE097EFE11} = {72B16E02-AE9B-470D-B841-BC3459B0D3D3}
	EndGlobalSection
	GlobalSection(ExtensibilityGlobals) = postSolution
		SolutionGuid = {A95D8BAA-2DEC-4A2B-970E-1B484BB37945}
	EndGlobalSection
EndGlobal
